
Microsoft Visual Studio Solution File, Format Version 12.00
# Visual Studio 15
Project("{FAE04EC0-301F-11D3-BF4B-00C04F79EFBC}") = "Assembly-CSharp", "Assembly-CSharp.csproj", "{E8AB3635-CD18-5B3D-7842-3532E0D98CE5}"
EndProject
Project("{FAE04EC0-301F-11D3-BF4B-00C04F79EFBC}") = "MoreMountains.Feedbacks", "MoreMountains.Feedbacks.csproj", "{DF0534D4-8B63-B9BC-E4AB-E59D438A23F2}"
EndProject
Project("{FAE04EC0-301F-11D3-BF4B-00C04F79EFBC}") = "AstarPathfindingProject", "AstarPathfindingProject.csproj", "{425306D5-F3A5-4EF2-2362-1E4DA378924F}"
EndProject
Project("{FAE04EC0-301F-11D3-BF4B-00C04F79EFBC}") = "MoreMountains.NiceVibrations.Haptics", "MoreMountains.NiceVibrations.Haptics.csproj", "{53096AEF-6689-AE5B-DE9E-D73A0435B2F8}"
EndProject
Project("{FAE04EC0-301F-11D3-BF4B-00C04F79EFBC}") = "MoreMountains.Feel.Demos", "MoreMountains.Feel.Demos.csproj", "{450C3C5C-CEE9-2C0E-EB6E-048573DE6F2D}"
EndProject
Project("{FAE04EC0-301F-11D3-BF4B-00C04F79EFBC}") = "MoreMountains.Tools", "MoreMountains.Tools.csproj", "{00673A1C-4BE9-E176-0980-26C6348D4AD7}"
EndProject
Project("{FAE04EC0-301F-11D3-BF4B-00C04F79EFBC}") = "MoreMountains.NiceVibrations.Demos", "MoreMountains.NiceVibrations.Demos.csproj", "{BC4CB310-D57F-3ED5-4D9D-D58784A5EC21}"
EndProject
Project("{FAE04EC0-301F-11D3-BF4B-00C04F79EFBC}") = "MoreMountains.Feedbacks.MMTools", "MoreMountains.Feedbacks.MMTools.csproj", "{530ACA46-13F0-F928-CE1B-A0F154D402B1}"
EndProject
Project("{FAE04EC0-301F-11D3-BF4B-00C04F79EFBC}") = "MoreMountains.Feedbacks.TextMeshPro", "MoreMountains.Feedbacks.TextMeshPro.csproj", "{9BFCA749-EDA0-8DD1-0E0F-58E79A6426DC}"
EndProject
Project("{FAE04EC0-301F-11D3-BF4B-00C04F79EFBC}") = "Assembly-CSharp-firstpass", "Assembly-CSharp-firstpass.csproj", "{EAD0349E-BBBF-454D-30BF-4BCA1D0FDA99}"
EndProject
Project("{FAE04EC0-301F-11D3-BF4B-00C04F79EFBC}") = "MoreMountains.Feedbacks.URP", "MoreMountains.Feedbacks.URP.csproj", "{359172D0-EB90-0A96-FB65-6BC616BA1253}"
EndProject
Project("{FAE04EC0-301F-11D3-BF4B-00C04F79EFBC}") = "MoreMountains.Feedbacks.Cinemachine", "MoreMountains.Feedbacks.Cinemachine.csproj", "{641FFDD2-DECA-4477-C608-CC999B95D54B}"
EndProject
Project("{FAE04EC0-301F-11D3-BF4B-00C04F79EFBC}") = "SimpleInput.Runtime", "SimpleInput.Runtime.csproj", "{5D484EE9-EB7B-553A-7FE3-71C4657B691E}"
EndProject
Project("{FAE04EC0-301F-11D3-BF4B-00C04F79EFBC}") = "MoreMountains.Tools.Feedbacks", "MoreMountains.Tools.Feedbacks.csproj", "{9222BEC0-ADFA-EC83-D584-AEAA6CA12E96}"
EndProject
Project("{FAE04EC0-301F-11D3-BF4B-00C04F79EFBC}") = "MoreMountains.Feel.Demos.URP", "MoreMountains.Feel.Demos.URP.csproj", "{594666A3-2753-356C-0F5C-6090EC6A3B5E}"
EndProject
Project("{FAE04EC0-301F-11D3-BF4B-00C04F79EFBC}") = "Sirenix.OdinInspector.CompatibilityLayer", "Sirenix.OdinInspector.CompatibilityLayer.csproj", "{FEE5CF7E-D081-8EC1-4C5A-7B7C8BBF0329}"
EndProject
Project("{FAE04EC0-301F-11D3-BF4B-00C04F79EFBC}") = "MoreMountains.Feel.Demos.HDRP", "MoreMountains.Feel.Demos.HDRP.csproj", "{F816D857-86A7-09DE-FD6A-AC3007E9E6B5}"
EndProject
Project("{FAE04EC0-301F-11D3-BF4B-00C04F79EFBC}") = "MoreMountains.Tools.Cinemachine", "MoreMountains.Tools.Cinemachine.csproj", "{96572B38-A1A6-BE54-5E1C-D624C0269530}"
EndProject
Project("{FAE04EC0-301F-11D3-BF4B-00C04F79EFBC}") = "MoreMountains.NiceVibrations", "MoreMountains.NiceVibrations.csproj", "{CAA736CE-7FEC-EFA0-910B-8249DC5DFEA6}"
EndProject
Project("{FAE04EC0-301F-11D3-BF4B-00C04F79EFBC}") = "MoreMountains.Tools.TextMeshPro", "MoreMountains.Tools.TextMeshPro.csproj", "{AC468760-F4EC-3996-B441-F6E64EF5BFAD}"
EndProject
Project("{FAE04EC0-301F-11D3-BF4B-00C04F79EFBC}") = "MoreMountains.Feedbacks.NiceVibrations", "MoreMountains.Feedbacks.NiceVibrations.csproj", "{4A166D4D-579F-6DD2-7306-4ED86719036C}"
EndProject
Project("{FAE04EC0-301F-11D3-BF4B-00C04F79EFBC}") = "MoreMountains.Tools.Editor", "MoreMountains.Tools.Editor.csproj", "{B5BDD73C-308C-AF73-04CD-B8952B705B74}"
EndProject
Project("{FAE04EC0-301F-11D3-BF4B-00C04F79EFBC}") = "Assembly-CSharp-Editor-firstpass", "Assembly-CSharp-Editor-firstpass.csproj", "{C36D8ED9-F29B-D4A9-4976-5AA5A48C36AA}"
EndProject
Project("{FAE04EC0-301F-11D3-BF4B-00C04F79EFBC}") = "Sirenix.OdinInspector.CompatibilityLayer.Editor", "Sirenix.OdinInspector.CompatibilityLayer.Editor.csproj", "{70E6657C-7F35-7859-92F3-0EB113AF0727}"
EndProject
Project("{FAE04EC0-301F-11D3-BF4B-00C04F79EFBC}") = "MoreMountains.Feedbacks.Editor", "MoreMountains.Feedbacks.Editor.csproj", "{58DC4D94-8B79-EDF0-79EA-85FF0EEC5C26}"
EndProject
Project("{FAE04EC0-301F-11D3-BF4B-00C04F79EFBC}") = "AstarPathfindingProjectEditor", "AstarPathfindingProjectEditor.csproj", "{D5B1AFB2-83B2-E099-79EE-751608AFE40D}"
EndProject
Project("{FAE04EC0-301F-11D3-BF4B-00C04F79EFBC}") = "SimpleInput.Editor", "SimpleInput.Editor.csproj", "{F4D652E8-DB31-D8BF-E748-80BE2FFD0AE7}"
EndProject
Project("{FAE04EC0-301F-11D3-BF4B-00C04F79EFBC}") = "MoreMountains.Tools.Feedbacks.Editor", "MoreMountains.Tools.Feedbacks.Editor.csproj", "{000D2BC3-CF2E-0411-1A77-2D18186B086B}"
EndProject
Project("{FAE04EC0-301F-11D3-BF4B-00C04F79EFBC}") = "PackageToolsEditor", "PackageToolsEditor.csproj", "{3D7458F3-8486-E45E-4BF1-D3390C83400D}"
EndProject
Project("{FAE04EC0-301F-11D3-BF4B-00C04F79EFBC}") = "MoreMountains.NiceVibrations.Editor", "MoreMountains.NiceVibrations.Editor.csproj", "{7EE95656-304A-7B58-81A8-7E7D31E008A3}"
EndProject
Project("{FAE04EC0-301F-11D3-BF4B-00C04F79EFBC}") = "Sirenix.OdinInspector.Modules.UnityMathematics", "Sirenix.OdinInspector.Modules.UnityMathematics.csproj", "{5E91F9C5-7419-F050-E71B-3573F780DB41}"
EndProject
Global
	GlobalSection(SolutionConfigurationPlatforms) = preSolution
		Debug|Any CPU = Debug|Any CPU
		Release|Any CPU = Release|Any CPU
	EndGlobalSection
	GlobalSection(ProjectConfigurationPlatforms) = postSolution
		{E8AB3635-CD18-5B3D-7842-3532E0D98CE5}.Debug|Any CPU.ActiveCfg = Debug|Any CPU
		{E8AB3635-CD18-5B3D-7842-3532E0D98CE5}.Debug|Any CPU.Build.0 = Debug|Any CPU
		{E8AB3635-CD18-5B3D-7842-3532E0D98CE5}.Release|Any CPU.ActiveCfg = Release|Any CPU
		{E8AB3635-CD18-5B3D-7842-3532E0D98CE5}.Release|Any CPU.Build.0 = Release|Any CPU
		{DF0534D4-8B63-B9BC-E4AB-E59D438A23F2}.Debug|Any CPU.ActiveCfg = Debug|Any CPU
		{DF0534D4-8B63-B9BC-E4AB-E59D438A23F2}.Debug|Any CPU.Build.0 = Debug|Any CPU
		{DF0534D4-8B63-B9BC-E4AB-E59D438A23F2}.Release|Any CPU.ActiveCfg = Release|Any CPU
		{DF0534D4-8B63-B9BC-E4AB-E59D438A23F2}.Release|Any CPU.Build.0 = Release|Any CPU
		{425306D5-F3A5-4EF2-2362-1E4DA378924F}.Debug|Any CPU.ActiveCfg = Debug|Any CPU
		{425306D5-F3A5-4EF2-2362-1E4DA378924F}.Debug|Any CPU.Build.0 = Debug|Any CPU
		{425306D5-F3A5-4EF2-2362-1E4DA378924F}.Release|Any CPU.ActiveCfg = Release|Any CPU
		{425306D5-F3A5-4EF2-2362-1E4DA378924F}.Release|Any CPU.Build.0 = Release|Any CPU
		{53096AEF-6689-AE5B-DE9E-D73A0435B2F8}.Debug|Any CPU.ActiveCfg = Debug|Any CPU
		{53096AEF-6689-AE5B-DE9E-D73A0435B2F8}.Debug|Any CPU.Build.0 = Debug|Any CPU
		{53096AEF-6689-AE5B-DE9E-D73A0435B2F8}.Release|Any CPU.ActiveCfg = Release|Any CPU
		{53096AEF-6689-AE5B-DE9E-D73A0435B2F8}.Release|Any CPU.Build.0 = Release|Any CPU
		{450C3C5C-CEE9-2C0E-EB6E-048573DE6F2D}.Debug|Any CPU.ActiveCfg = Debug|Any CPU
		{450C3C5C-CEE9-2C0E-EB6E-048573DE6F2D}.Debug|Any CPU.Build.0 = Debug|Any CPU
		{450C3C5C-CEE9-2C0E-EB6E-048573DE6F2D}.Release|Any CPU.ActiveCfg = Release|Any CPU
		{450C3C5C-CEE9-2C0E-EB6E-048573DE6F2D}.Release|Any CPU.Build.0 = Release|Any CPU
		{00673A1C-4BE9-E176-0980-26C6348D4AD7}.Debug|Any CPU.ActiveCfg = Debug|Any CPU
		{00673A1C-4BE9-E176-0980-26C6348D4AD7}.Debug|Any CPU.Build.0 = Debug|Any CPU
		{00673A1C-4BE9-E176-0980-26C6348D4AD7}.Release|Any CPU.ActiveCfg = Release|Any CPU
		{00673A1C-4BE9-E176-0980-26C6348D4AD7}.Release|Any CPU.Build.0 = Release|Any CPU
		{BC4CB310-D57F-3ED5-4D9D-D58784A5EC21}.Debug|Any CPU.ActiveCfg = Debug|Any CPU
		{BC4CB310-D57F-3ED5-4D9D-D58784A5EC21}.Debug|Any CPU.Build.0 = Debug|Any CPU
		{BC4CB310-D57F-3ED5-4D9D-D58784A5EC21}.Release|Any CPU.ActiveCfg = Release|Any CPU
		{BC4CB310-D57F-3ED5-4D9D-D58784A5EC21}.Release|Any CPU.Build.0 = Release|Any CPU
		{530ACA46-13F0-F928-CE1B-A0F154D402B1}.Debug|Any CPU.ActiveCfg = Debug|Any CPU
		{530ACA46-13F0-F928-CE1B-A0F154D402B1}.Debug|Any CPU.Build.0 = Debug|Any CPU
		{530ACA46-13F0-F928-CE1B-A0F154D402B1}.Release|Any CPU.ActiveCfg = Release|Any CPU
		{530ACA46-13F0-F928-CE1B-A0F154D402B1}.Release|Any CPU.Build.0 = Release|Any CPU
		{9BFCA749-EDA0-8DD1-0E0F-58E79A6426DC}.Debug|Any CPU.ActiveCfg = Debug|Any CPU
		{9BFCA749-EDA0-8DD1-0E0F-58E79A6426DC}.Debug|Any CPU.Build.0 = Debug|Any CPU
		{9BFCA749-EDA0-8DD1-0E0F-58E79A6426DC}.Release|Any CPU.ActiveCfg = Release|Any CPU
		{9BFCA749-EDA0-8DD1-0E0F-58E79A6426DC}.Release|Any CPU.Build.0 = Release|Any CPU
		{EAD0349E-BBBF-454D-30BF-4BCA1D0FDA99}.Debug|Any CPU.ActiveCfg = Debug|Any CPU
		{EAD0349E-BBBF-454D-30BF-4BCA1D0FDA99}.Debug|Any CPU.Build.0 = Debug|Any CPU
		{EAD0349E-BBBF-454D-30BF-4BCA1D0FDA99}.Release|Any CPU.ActiveCfg = Release|Any CPU
		{EAD0349E-BBBF-454D-30BF-4BCA1D0FDA99}.Release|Any CPU.Build.0 = Release|Any CPU
		{359172D0-EB90-0A96-FB65-6BC616BA1253}.Debug|Any CPU.ActiveCfg = Debug|Any CPU
		{359172D0-EB90-0A96-FB65-6BC616BA1253}.Debug|Any CPU.Build.0 = Debug|Any CPU
		{359172D0-EB90-0A96-FB65-6BC616BA1253}.Release|Any CPU.ActiveCfg = Release|Any CPU
		{359172D0-EB90-0A96-FB65-6BC616BA1253}.Release|Any CPU.Build.0 = Release|Any CPU
		{641FFDD2-DECA-4477-C608-CC999B95D54B}.Debug|Any CPU.ActiveCfg = Debug|Any CPU
		{641FFDD2-DECA-4477-C608-CC999B95D54B}.Debug|Any CPU.Build.0 = Debug|Any CPU
		{641FFDD2-DECA-4477-C608-CC999B95D54B}.Release|Any CPU.ActiveCfg = Release|Any CPU
		{641FFDD2-DECA-4477-C608-CC999B95D54B}.Release|Any CPU.Build.0 = Release|Any CPU
		{5D484EE9-EB7B-553A-7FE3-71C4657B691E}.Debug|Any CPU.ActiveCfg = Debug|Any CPU
		{5D484EE9-EB7B-553A-7FE3-71C4657B691E}.Debug|Any CPU.Build.0 = Debug|Any CPU
		{5D484EE9-EB7B-553A-7FE3-71C4657B691E}.Release|Any CPU.ActiveCfg = Release|Any CPU
		{5D484EE9-EB7B-553A-7FE3-71C4657B691E}.Release|Any CPU.Build.0 = Release|Any CPU
		{9222BEC0-ADFA-EC83-D584-AEAA6CA12E96}.Debug|Any CPU.ActiveCfg = Debug|Any CPU
		{9222BEC0-ADFA-EC83-D584-AEAA6CA12E96}.Debug|Any CPU.Build.0 = Debug|Any CPU
		{9222BEC0-ADFA-EC83-D584-AEAA6CA12E96}.Release|Any CPU.ActiveCfg = Release|Any CPU
		{9222BEC0-ADFA-EC83-D584-AEAA6CA12E96}.Release|Any CPU.Build.0 = Release|Any CPU
		{594666A3-2753-356C-0F5C-6090EC6A3B5E}.Debug|Any CPU.ActiveCfg = Debug|Any CPU
		{594666A3-2753-356C-0F5C-6090EC6A3B5E}.Debug|Any CPU.Build.0 = Debug|Any CPU
		{594666A3-2753-356C-0F5C-6090EC6A3B5E}.Release|Any CPU.ActiveCfg = Release|Any CPU
		{594666A3-2753-356C-0F5C-6090EC6A3B5E}.Release|Any CPU.Build.0 = Release|Any CPU
		{FEE5CF7E-D081-8EC1-4C5A-7B7C8BBF0329}.Debug|Any CPU.ActiveCfg = Debug|Any CPU
		{FEE5CF7E-D081-8EC1-4C5A-7B7C8BBF0329}.Debug|Any CPU.Build.0 = Debug|Any CPU
		{FEE5CF7E-D081-8EC1-4C5A-7B7C8BBF0329}.Release|Any CPU.ActiveCfg = Release|Any CPU
		{FEE5CF7E-D081-8EC1-4C5A-7B7C8BBF0329}.Release|Any CPU.Build.0 = Release|Any CPU
		{F816D857-86A7-09DE-FD6A-AC3007E9E6B5}.Debug|Any CPU.ActiveCfg = Debug|Any CPU
		{F816D857-86A7-09DE-FD6A-AC3007E9E6B5}.Debug|Any CPU.Build.0 = Debug|Any CPU
		{F816D857-86A7-09DE-FD6A-AC3007E9E6B5}.Release|Any CPU.ActiveCfg = Release|Any CPU
		{F816D857-86A7-09DE-FD6A-AC3007E9E6B5}.Release|Any CPU.Build.0 = Release|Any CPU
		{96572B38-A1A6-BE54-5E1C-D624C0269530}.Debug|Any CPU.ActiveCfg = Debug|Any CPU
		{96572B38-A1A6-BE54-5E1C-D624C0269530}.Debug|Any CPU.Build.0 = Debug|Any CPU
		{96572B38-A1A6-BE54-5E1C-D624C0269530}.Release|Any CPU.ActiveCfg = Release|Any CPU
		{96572B38-A1A6-BE54-5E1C-D624C0269530}.Release|Any CPU.Build.0 = Release|Any CPU
		{CAA736CE-7FEC-EFA0-910B-8249DC5DFEA6}.Debug|Any CPU.ActiveCfg = Debug|Any CPU
		{CAA736CE-7FEC-EFA0-910B-8249DC5DFEA6}.Debug|Any CPU.Build.0 = Debug|Any CPU
		{CAA736CE-7FEC-EFA0-910B-8249DC5DFEA6}.Release|Any CPU.ActiveCfg = Release|Any CPU
		{CAA736CE-7FEC-EFA0-910B-8249DC5DFEA6}.Release|Any CPU.Build.0 = Release|Any CPU
		{AC468760-F4EC-3996-B441-F6E64EF5BFAD}.Debug|Any CPU.ActiveCfg = Debug|Any CPU
		{AC468760-F4EC-3996-B441-F6E64EF5BFAD}.Debug|Any CPU.Build.0 = Debug|Any CPU
		{AC468760-F4EC-3996-B441-F6E64EF5BFAD}.Release|Any CPU.ActiveCfg = Release|Any CPU
		{AC468760-F4EC-3996-B441-F6E64EF5BFAD}.Release|Any CPU.Build.0 = Release|Any CPU
		{4A166D4D-579F-6DD2-7306-4ED86719036C}.Debug|Any CPU.ActiveCfg = Debug|Any CPU
		{4A166D4D-579F-6DD2-7306-4ED86719036C}.Debug|Any CPU.Build.0 = Debug|Any CPU
		{4A166D4D-579F-6DD2-7306-4ED86719036C}.Release|Any CPU.ActiveCfg = Release|Any CPU
		{4A166D4D-579F-6DD2-7306-4ED86719036C}.Release|Any CPU.Build.0 = Release|Any CPU
		{B5BDD73C-308C-AF73-04CD-B8952B705B74}.Debug|Any CPU.ActiveCfg = Debug|Any CPU
		{B5BDD73C-308C-AF73-04CD-B8952B705B74}.Debug|Any CPU.Build.0 = Debug|Any CPU
		{B5BDD73C-308C-AF73-04CD-B8952B705B74}.Release|Any CPU.ActiveCfg = Release|Any CPU
		{B5BDD73C-308C-AF73-04CD-B8952B705B74}.Release|Any CPU.Build.0 = Release|Any CPU
		{C36D8ED9-F29B-D4A9-4976-5AA5A48C36AA}.Debug|Any CPU.ActiveCfg = Debug|Any CPU
		{C36D8ED9-F29B-D4A9-4976-5AA5A48C36AA}.Debug|Any CPU.Build.0 = Debug|Any CPU
		{C36D8ED9-F29B-D4A9-4976-5AA5A48C36AA}.Release|Any CPU.ActiveCfg = Release|Any CPU
		{C36D8ED9-F29B-D4A9-4976-5AA5A48C36AA}.Release|Any CPU.Build.0 = Release|Any CPU
		{70E6657C-7F35-7859-92F3-0EB113AF0727}.Debug|Any CPU.ActiveCfg = Debug|Any CPU
		{70E6657C-7F35-7859-92F3-0EB113AF0727}.Debug|Any CPU.Build.0 = Debug|Any CPU
		{70E6657C-7F35-7859-92F3-0EB113AF0727}.Release|Any CPU.ActiveCfg = Release|Any CPU
		{70E6657C-7F35-7859-92F3-0EB113AF0727}.Release|Any CPU.Build.0 = Release|Any CPU
		{58DC4D94-8B79-EDF0-79EA-85FF0EEC5C26}.Debug|Any CPU.ActiveCfg = Debug|Any CPU
		{58DC4D94-8B79-EDF0-79EA-85FF0EEC5C26}.Debug|Any CPU.Build.0 = Debug|Any CPU
		{58DC4D94-8B79-EDF0-79EA-85FF0EEC5C26}.Release|Any CPU.ActiveCfg = Release|Any CPU
		{58DC4D94-8B79-EDF0-79EA-85FF0EEC5C26}.Release|Any CPU.Build.0 = Release|Any CPU
		{D5B1AFB2-83B2-E099-79EE-751608AFE40D}.Debug|Any CPU.ActiveCfg = Debug|Any CPU
		{D5B1AFB2-83B2-E099-79EE-751608AFE40D}.Debug|Any CPU.Build.0 = Debug|Any CPU
		{D5B1AFB2-83B2-E099-79EE-751608AFE40D}.Release|Any CPU.ActiveCfg = Release|Any CPU
		{D5B1AFB2-83B2-E099-79EE-751608AFE40D}.Release|Any CPU.Build.0 = Release|Any CPU
		{F4D652E8-DB31-D8BF-E748-80BE2FFD0AE7}.Debug|Any CPU.ActiveCfg = Debug|Any CPU
		{F4D652E8-DB31-D8BF-E748-80BE2FFD0AE7}.Debug|Any CPU.Build.0 = Debug|Any CPU
		{F4D652E8-DB31-D8BF-E748-80BE2FFD0AE7}.Release|Any CPU.ActiveCfg = Release|Any CPU
		{F4D652E8-DB31-D8BF-E748-80BE2FFD0AE7}.Release|Any CPU.Build.0 = Release|Any CPU
		{000D2BC3-CF2E-0411-1A77-2D18186B086B}.Debug|Any CPU.ActiveCfg = Debug|Any CPU
		{000D2BC3-CF2E-0411-1A77-2D18186B086B}.Debug|Any CPU.Build.0 = Debug|Any CPU
		{000D2BC3-CF2E-0411-1A77-2D18186B086B}.Release|Any CPU.ActiveCfg = Release|Any CPU
		{000D2BC3-CF2E-0411-1A77-2D18186B086B}.Release|Any CPU.Build.0 = Release|Any CPU
		{3D7458F3-8486-E45E-4BF1-D3390C83400D}.Debug|Any CPU.ActiveCfg = Debug|Any CPU
		{3D7458F3-8486-E45E-4BF1-D3390C83400D}.Debug|Any CPU.Build.0 = Debug|Any CPU
		{3D7458F3-8486-E45E-4BF1-D3390C83400D}.Release|Any CPU.ActiveCfg = Release|Any CPU
		{3D7458F3-8486-E45E-4BF1-D3390C83400D}.Release|Any CPU.Build.0 = Release|Any CPU
		{7EE95656-304A-7B58-81A8-7E7D31E008A3}.Debug|Any CPU.ActiveCfg = Debug|Any CPU
		{7EE95656-304A-7B58-81A8-7E7D31E008A3}.Debug|Any CPU.Build.0 = Debug|Any CPU
		{7EE95656-304A-7B58-81A8-7E7D31E008A3}.Release|Any CPU.ActiveCfg = Release|Any CPU
		{7EE95656-304A-7B58-81A8-7E7D31E008A3}.Release|Any CPU.Build.0 = Release|Any CPU
		{5E91F9C5-7419-F050-E71B-3573F780DB41}.Debug|Any CPU.ActiveCfg = Debug|Any CPU
		{5E91F9C5-7419-F050-E71B-3573F780DB41}.Debug|Any CPU.Build.0 = Debug|Any CPU
		{5E91F9C5-7419-F050-E71B-3573F780DB41}.Release|Any CPU.ActiveCfg = Release|Any CPU
		{5E91F9C5-7419-F050-E71B-3573F780DB41}.Release|Any CPU.Build.0 = Release|Any CPU
	EndGlobalSection
	GlobalSection(SolutionProperties) = preSolution
		HideSolutionNode = FALSE
	EndGlobalSection
EndGlobal
