
Microsoft Visual Studio Solution File, Format Version 12.00
# Visual Studio 15
Project("{FAE04EC0-301F-11D3-BF4B-00C04F79EFBC}") = "Assembly-CSharp", "Assembly-CSharp.csproj", "{F9A13A51-1329-92FE-E7FC-845C9AA57BD8}"
EndProject
Project("{FAE04EC0-301F-11D3-BF4B-00C04F79EFBC}") = "Assembly-CSharp-firstpass", "Assembly-CSharp-firstpass.csproj", "{A19AD14F-0EE2-1EF6-8C1A-E9D65A05438C}"
EndProject
Project("{FAE04EC0-301F-11D3-BF4B-00C04F79EFBC}") = "Sirenix.OdinInspector.CompatibilityLayer", "Sirenix.OdinInspector.CompatibilityLayer.csproj", "{C2D4681B-A1A8-C495-FEFD-E6733AC439B8}"
EndProject
Project("{FAE04EC0-301F-11D3-BF4B-00C04F79EFBC}") = "Sirenix.OdinInspector.CompatibilityLayer.Editor", "Sirenix.OdinInspector.CompatibilityLayer.Editor.csproj", "{2BDB3D5F-164F-08D4-4928-EE5D00680D51}"
EndProject
Project("{FAE04EC0-301F-11D3-BF4B-00C04F79EFBC}") = "Sirenix.OdinInspector.Modules.UnityMathematics", "Sirenix.OdinInspector.Modules.UnityMathematics.csproj", "{F282E8D0-3C86-83B0-3CB6-438ED08EFC8F}"
EndProject
Global
	GlobalSection(SolutionConfigurationPlatforms) = preSolution
		Debug|Any CPU = Debug|Any CPU
		Release|Any CPU = Release|Any CPU
	EndGlobalSection
	GlobalSection(ProjectConfigurationPlatforms) = postSolution
		{F9A13A51-1329-92FE-E7FC-845C9AA57BD8}.Debug|Any CPU.ActiveCfg = Debug|Any CPU
		{F9A13A51-1329-92FE-E7FC-845C9AA57BD8}.Debug|Any CPU.Build.0 = Debug|Any CPU
		{F9A13A51-1329-92FE-E7FC-845C9AA57BD8}.Release|Any CPU.ActiveCfg = Release|Any CPU
		{F9A13A51-1329-92FE-E7FC-845C9AA57BD8}.Release|Any CPU.Build.0 = Release|Any CPU
		{A19AD14F-0EE2-1EF6-8C1A-E9D65A05438C}.Debug|Any CPU.ActiveCfg = Debug|Any CPU
		{A19AD14F-0EE2-1EF6-8C1A-E9D65A05438C}.Debug|Any CPU.Build.0 = Debug|Any CPU
		{A19AD14F-0EE2-1EF6-8C1A-E9D65A05438C}.Release|Any CPU.ActiveCfg = Release|Any CPU
		{A19AD14F-0EE2-1EF6-8C1A-E9D65A05438C}.Release|Any CPU.Build.0 = Release|Any CPU
		{C2D4681B-A1A8-C495-FEFD-E6733AC439B8}.Debug|Any CPU.ActiveCfg = Debug|Any CPU
		{C2D4681B-A1A8-C495-FEFD-E6733AC439B8}.Debug|Any CPU.Build.0 = Debug|Any CPU
		{C2D4681B-A1A8-C495-FEFD-E6733AC439B8}.Release|Any CPU.ActiveCfg = Release|Any CPU
		{C2D4681B-A1A8-C495-FEFD-E6733AC439B8}.Release|Any CPU.Build.0 = Release|Any CPU
		{2BDB3D5F-164F-08D4-4928-EE5D00680D51}.Debug|Any CPU.ActiveCfg = Debug|Any CPU
		{2BDB3D5F-164F-08D4-4928-EE5D00680D51}.Debug|Any CPU.Build.0 = Debug|Any CPU
		{2BDB3D5F-164F-08D4-4928-EE5D00680D51}.Release|Any CPU.ActiveCfg = Release|Any CPU
		{2BDB3D5F-164F-08D4-4928-EE5D00680D51}.Release|Any CPU.Build.0 = Release|Any CPU
		{F282E8D0-3C86-83B0-3CB6-438ED08EFC8F}.Debug|Any CPU.ActiveCfg = Debug|Any CPU
		{F282E8D0-3C86-83B0-3CB6-438ED08EFC8F}.Debug|Any CPU.Build.0 = Debug|Any CPU
		{F282E8D0-3C86-83B0-3CB6-438ED08EFC8F}.Release|Any CPU.ActiveCfg = Release|Any CPU
		{F282E8D0-3C86-83B0-3CB6-438ED08EFC8F}.Release|Any CPU.Build.0 = Release|Any CPU
	EndGlobalSection
	GlobalSection(SolutionProperties) = preSolution
		HideSolutionNode = FALSE
	EndGlobalSection
EndGlobal
